
Microsoft Visual Studio Solution File, Format Version 9.00
# Visual Studio 2005
Project("{FAE04EC0-301F-11D3-BF4B-00C04F79EFBC}") = "knock", "knock\knock.csproj", "{A19E0DED-8429-4245-8473-1331A599AC88}"
EndProject
Global
	GlobalSection(SolutionConfigurationPlatforms) = preSolution
		Debug|Any CPU = Debug|Any CPU
		Release|Any CPU = Release|Any CPU
	EndGlobalSection
	GlobalSection(ProjectConfigurationPlatforms) = postSolution
		{A19E0DED-8429-4245-8473-1331A599AC88}.Debug|Any CPU.ActiveCfg = Debug|Any CPU
		{A19E0DED-8429-4245-8473-1331A599AC88}.Debug|Any CPU.Build.0 = Debug|Any CPU
		{A19E0DED-8429-4245-8473-1331A599AC88}.Release|Any CPU.ActiveCfg = Release|Any CPU
		{A19E0DED-8429-4245-8473-1331A599AC88}.Release|Any CPU.Build.0 = Release|Any CPU
	EndGlobalSection
	GlobalSection(MonoDevelopProperties) = preSolution
		StartupItem = knock\knock.csproj
	EndGlobalSection
EndGlobal
